
Microsoft Visual Studio Solution File, Format Version 12.00
# Visual Studio 15
VisualStudioVersion = 15.0.27130.2024
MinimumVisualStudioVersion = 10.0.40219.1
Project("{9A19103F-16F7-4668-BE54-9A1E7A4F7556}") = "Sokudo.Api", "Sokudo.Api\Sokudo.Api.csproj", "{B6CEBCD0-0FBC-4D13-ACC1-BCB60C2B09A5}"
EndProject
Project("{9A19103F-16F7-4668-BE54-9A1E7A4F7556}") = "Sokudo.Domain", "Sokudo.Domain\Sokudo.Domain.csproj", "{9C4F840C-27F7-443E-8505-DD6868759338}"
EndProject
Project("{9A19103F-16F7-4668-BE54-9A1E7A4F7556}") = "Sokudo.DataAccess", "Sokudo.DataAccess\Sokudo.DataAccess.csproj", "{B28F4696-2C60-4DC1-AE1B-1880878297E6}"
EndProject
Project("{9A19103F-16F7-4668-BE54-9A1E7A4F7556}") = "Sokudo.Email", "Sokudo.Email\Sokudo.Email.csproj", "{54646DDA-4795-430C-AAB1-95009D40E213}"
EndProject
Project("{9A19103F-16F7-4668-BE54-9A1E7A4F7556}") = "AspNetCoreIdentityBoilerplate", "..\..\AspNetCoreIdentityBoilerplate\AspNetCoreIdentityBoilerplate\AspNetCoreIdentityBoilerplate.csproj", "{98B04E2A-F026-4637-B433-E4F703EE8279}"
EndProject
Project("{FAE04EC0-301F-11D3-BF4B-00C04F79EFBC}") = "Sokudo.Service", "Sokudo.Service\Sokudo.Service.csproj", "{4EC68B69-7123-42C4-A2F6-9926308F8ACE}"
EndProject
Global
	GlobalSection(SolutionConfigurationPlatforms) = preSolution
		Debug|Any CPU = Debug|Any CPU
		Release|Any CPU = Release|Any CPU
	EndGlobalSection
	GlobalSection(ProjectConfigurationPlatforms) = postSolution
		{B6CEBCD0-0FBC-4D13-ACC1-BCB60C2B09A5}.Debug|Any CPU.ActiveCfg = Debug|Any CPU
		{B6CEBCD0-0FBC-4D13-ACC1-BCB60C2B09A5}.Debug|Any CPU.Build.0 = Debug|Any CPU
		{B6CEBCD0-0FBC-4D13-ACC1-BCB60C2B09A5}.Release|Any CPU.ActiveCfg = Release|Any CPU
		{B6CEBCD0-0FBC-4D13-ACC1-BCB60C2B09A5}.Release|Any CPU.Build.0 = Release|Any CPU
		{9C4F840C-27F7-443E-8505-DD6868759338}.Debug|Any CPU.ActiveCfg = Debug|Any CPU
		{9C4F840C-27F7-443E-8505-DD6868759338}.Debug|Any CPU.Build.0 = Debug|Any CPU
		{9C4F840C-27F7-443E-8505-DD6868759338}.Release|Any CPU.ActiveCfg = Release|Any CPU
		{9C4F840C-27F7-443E-8505-DD6868759338}.Release|Any CPU.Build.0 = Release|Any CPU
		{B28F4696-2C60-4DC1-AE1B-1880878297E6}.Debug|Any CPU.ActiveCfg = Debug|Any CPU
		{B28F4696-2C60-4DC1-AE1B-1880878297E6}.Debug|Any CPU.Build.0 = Debug|Any CPU
		{B28F4696-2C60-4DC1-AE1B-1880878297E6}.Release|Any CPU.ActiveCfg = Release|Any CPU
		{B28F4696-2C60-4DC1-AE1B-1880878297E6}.Release|Any CPU.Build.0 = Release|Any CPU
		{54646DDA-4795-430C-AAB1-95009D40E213}.Debug|Any CPU.ActiveCfg = Debug|Any CPU
		{54646DDA-4795-430C-AAB1-95009D40E213}.Debug|Any CPU.Build.0 = Debug|Any CPU
		{54646DDA-4795-430C-AAB1-95009D40E213}.Release|Any CPU.ActiveCfg = Release|Any CPU
		{54646DDA-4795-430C-AAB1-95009D40E213}.Release|Any CPU.Build.0 = Release|Any CPU
		{98B04E2A-F026-4637-B433-E4F703EE8279}.Debug|Any CPU.ActiveCfg = Debug|Any CPU
		{98B04E2A-F026-4637-B433-E4F703EE8279}.Debug|Any CPU.Build.0 = Debug|Any CPU
		{98B04E2A-F026-4637-B433-E4F703EE8279}.Release|Any CPU.ActiveCfg = Release|Any CPU
		{98B04E2A-F026-4637-B433-E4F703EE8279}.Release|Any CPU.Build.0 = Release|Any CPU
		{4EC68B69-7123-42C4-A2F6-9926308F8ACE}.Debug|Any CPU.ActiveCfg = Debug|Any CPU
		{4EC68B69-7123-42C4-A2F6-9926308F8ACE}.Debug|Any CPU.Build.0 = Debug|Any CPU
		{4EC68B69-7123-42C4-A2F6-9926308F8ACE}.Release|Any CPU.ActiveCfg = Release|Any CPU
		{4EC68B69-7123-42C4-A2F6-9926308F8ACE}.Release|Any CPU.Build.0 = Release|Any CPU
	EndGlobalSection
	GlobalSection(SolutionProperties) = preSolution
		HideSolutionNode = FALSE
	EndGlobalSection
	GlobalSection(ExtensibilityGlobals) = postSolution
		SolutionGuid = {36E8CF96-5883-4F22-9E9D-820E5FE00FF7}
	EndGlobalSection
EndGlobal
